
Microsoft Visual Studio Solution File, Format Version 12.00
# Visual Studio Version 17
VisualStudioVersion = 17.6.33815.320
MinimumVisualStudioVersion = 10.0.40219.1
Project("{FAE04EC0-301F-11D3-BF4B-00C04F79EFBC}") = "ManageEmployers", "ManageEmployers\ManageEmployers.csproj", "{D5C389D4-404C-4B47-9482-7A9A49E88DBA}"
EndProject
Global
	GlobalSection(SolutionConfigurationPlatforms) = preSolution
		Debug|Any CPU = Debug|Any CPU
		Release|Any CPU = Release|Any CPU
	EndGlobalSection
	GlobalSection(ProjectConfigurationPlatforms) = postSolution
		{D5C389D4-404C-4B47-9482-7A9A49E88DBA}.Debug|Any CPU.ActiveCfg = Debug|Any CPU
		{D5C389D4-404C-4B47-9482-7A9A49E88DBA}.Debug|Any CPU.Build.0 = Debug|Any CPU
		{D5C389D4-404C-4B47-9482-7A9A49E88DBA}.Release|Any CPU.ActiveCfg = Release|Any CPU
		{D5C389D4-404C-4B47-9482-7A9A49E88DBA}.Release|Any CPU.Build.0 = Release|Any CPU
	EndGlobalSection
	GlobalSection(SolutionProperties) = preSolution
		HideSolutionNode = FALSE
	EndGlobalSection
	GlobalSection(ExtensibilityGlobals) = postSolution
		SolutionGuid = {26C3768E-75E6-4202-9D26-60D374E6C87B}
	EndGlobalSection
EndGlobal
